
Microsoft Visual Studio Solution File, Format Version 12.00
# Visual Studio Version 17
VisualStudioVersion = 17.7.34031.279
MinimumVisualStudioVersion = 10.0.40219.1
Project("{888888A0-9F3D-457C-B088-3A5042F75D52}") = "decision maker", "decision maker\decision maker.pyproj", "{E1B47077-7697-47CA-9F9B-B03BF313BF09}"
EndProject
Global
	GlobalSection(SolutionConfigurationPlatforms) = preSolution
		Debug|Any CPU = Debug|Any CPU
		Release|Any CPU = Release|Any CPU
	EndGlobalSection
	GlobalSection(ProjectConfigurationPlatforms) = postSolution
		{E1B47077-7697-47CA-9F9B-B03BF313BF09}.Debug|Any CPU.ActiveCfg = Debug|Any CPU
		{E1B47077-7697-47CA-9F9B-B03BF313BF09}.Release|Any CPU.ActiveCfg = Release|Any CPU
	EndGlobalSection
	GlobalSection(SolutionProperties) = preSolution
		HideSolutionNode = FALSE
	EndGlobalSection
	GlobalSection(ExtensibilityGlobals) = postSolution
		SolutionGuid = {021AAE9A-1811-4893-A0E8-74B7858DEDD8}
	EndGlobalSection
EndGlobal
